
Microsoft Visual Studio Solution File, Format Version 12.00
# Visual Studio 15
VisualStudioVersion = 15.0.26124.0
MinimumVisualStudioVersion = 15.0.26124.0
Project("{2150E333-8FDC-42A3-9474-1A3956D46DE8}") = "src", "src", "{BBEC53DE-8D70-4634-B5DE-74AB4089047E}"
EndProject
Project("{2150E333-8FDC-42A3-9474-1A3956D46DE8}") = "csharp", "csharp", "{6F1E9E8B-D3D0-437C-AD20-5CE06D9FB5BD}"
EndProject
Project("{FAE04EC0-301F-11D3-BF4B-00C04F79EFBC}") = "AvroCSharp", "src\csharp\AvroCSharp\AvroCSharp.csproj", "{19EBB1D8-0079-432F-88AF-97004FE618CB}"
EndProject
Project("{2150E333-8FDC-42A3-9474-1A3956D46DE8}") = "fsharp", "fsharp", "{0F82E1F5-2AC9-41A0-BD84-2781133354DF}"
EndProject
Project("{F2A71F9B-5D33-465A-A702-920D77279786}") = "AvroFSharp", "src\fsharp\AvroFSharp\AvroFSharp.fsproj", "{AD5886C5-0D36-4ACA-AA1C-531CA183121E}"
EndProject
Project("{2150E333-8FDC-42A3-9474-1A3956D46DE8}") = "tests", "tests", "{4AD2ECDF-46E9-480F-B26E-4CFAF49BE40A}"
EndProject
Project("{2150E333-8FDC-42A3-9474-1A3956D46DE8}") = "fsharp", "fsharp", "{8E2067B5-8388-4EA8-8402-6B09EA69062D}"
EndProject
Project("{F2A71F9B-5D33-465A-A702-920D77279786}") = "Tests.AvroFSharp", "tests\fsharp\Tests.AvroFSharp\Tests.AvroFSharp.fsproj", "{E1D688E2-535B-4023-958D-3FA2646EA3C1}"
EndProject
Global
	GlobalSection(SolutionConfigurationPlatforms) = preSolution
		Debug|Any CPU = Debug|Any CPU
		Debug|x64 = Debug|x64
		Debug|x86 = Debug|x86
		Release|Any CPU = Release|Any CPU
		Release|x64 = Release|x64
		Release|x86 = Release|x86
	EndGlobalSection
	GlobalSection(SolutionProperties) = preSolution
		HideSolutionNode = FALSE
	EndGlobalSection
	GlobalSection(ProjectConfigurationPlatforms) = postSolution
		{19EBB1D8-0079-432F-88AF-97004FE618CB}.Debug|Any CPU.ActiveCfg = Debug|Any CPU
		{19EBB1D8-0079-432F-88AF-97004FE618CB}.Debug|Any CPU.Build.0 = Debug|Any CPU
		{19EBB1D8-0079-432F-88AF-97004FE618CB}.Debug|x64.ActiveCfg = Debug|Any CPU
		{19EBB1D8-0079-432F-88AF-97004FE618CB}.Debug|x64.Build.0 = Debug|Any CPU
		{19EBB1D8-0079-432F-88AF-97004FE618CB}.Debug|x86.ActiveCfg = Debug|Any CPU
		{19EBB1D8-0079-432F-88AF-97004FE618CB}.Debug|x86.Build.0 = Debug|Any CPU
		{19EBB1D8-0079-432F-88AF-97004FE618CB}.Release|Any CPU.ActiveCfg = Release|Any CPU
		{19EBB1D8-0079-432F-88AF-97004FE618CB}.Release|Any CPU.Build.0 = Release|Any CPU
		{19EBB1D8-0079-432F-88AF-97004FE618CB}.Release|x64.ActiveCfg = Release|Any CPU
		{19EBB1D8-0079-432F-88AF-97004FE618CB}.Release|x64.Build.0 = Release|Any CPU
		{19EBB1D8-0079-432F-88AF-97004FE618CB}.Release|x86.ActiveCfg = Release|Any CPU
		{19EBB1D8-0079-432F-88AF-97004FE618CB}.Release|x86.Build.0 = Release|Any CPU
		{AD5886C5-0D36-4ACA-AA1C-531CA183121E}.Debug|Any CPU.ActiveCfg = Debug|Any CPU
		{AD5886C5-0D36-4ACA-AA1C-531CA183121E}.Debug|Any CPU.Build.0 = Debug|Any CPU
		{AD5886C5-0D36-4ACA-AA1C-531CA183121E}.Debug|x64.ActiveCfg = Debug|Any CPU
		{AD5886C5-0D36-4ACA-AA1C-531CA183121E}.Debug|x64.Build.0 = Debug|Any CPU
		{AD5886C5-0D36-4ACA-AA1C-531CA183121E}.Debug|x86.ActiveCfg = Debug|Any CPU
		{AD5886C5-0D36-4ACA-AA1C-531CA183121E}.Debug|x86.Build.0 = Debug|Any CPU
		{AD5886C5-0D36-4ACA-AA1C-531CA183121E}.Release|Any CPU.ActiveCfg = Release|Any CPU
		{AD5886C5-0D36-4ACA-AA1C-531CA183121E}.Release|Any CPU.Build.0 = Release|Any CPU
		{AD5886C5-0D36-4ACA-AA1C-531CA183121E}.Release|x64.ActiveCfg = Release|Any CPU
		{AD5886C5-0D36-4ACA-AA1C-531CA183121E}.Release|x64.Build.0 = Release|Any CPU
		{AD5886C5-0D36-4ACA-AA1C-531CA183121E}.Release|x86.ActiveCfg = Release|Any CPU
		{AD5886C5-0D36-4ACA-AA1C-531CA183121E}.Release|x86.Build.0 = Release|Any CPU
		{E1D688E2-535B-4023-958D-3FA2646EA3C1}.Debug|Any CPU.ActiveCfg = Debug|Any CPU
		{E1D688E2-535B-4023-958D-3FA2646EA3C1}.Debug|Any CPU.Build.0 = Debug|Any CPU
		{E1D688E2-535B-4023-958D-3FA2646EA3C1}.Debug|x64.ActiveCfg = Debug|Any CPU
		{E1D688E2-535B-4023-958D-3FA2646EA3C1}.Debug|x64.Build.0 = Debug|Any CPU
		{E1D688E2-535B-4023-958D-3FA2646EA3C1}.Debug|x86.ActiveCfg = Debug|Any CPU
		{E1D688E2-535B-4023-958D-3FA2646EA3C1}.Debug|x86.Build.0 = Debug|Any CPU
		{E1D688E2-535B-4023-958D-3FA2646EA3C1}.Release|Any CPU.ActiveCfg = Release|Any CPU
		{E1D688E2-535B-4023-958D-3FA2646EA3C1}.Release|Any CPU.Build.0 = Release|Any CPU
		{E1D688E2-535B-4023-958D-3FA2646EA3C1}.Release|x64.ActiveCfg = Release|Any CPU
		{E1D688E2-535B-4023-958D-3FA2646EA3C1}.Release|x64.Build.0 = Release|Any CPU
		{E1D688E2-535B-4023-958D-3FA2646EA3C1}.Release|x86.ActiveCfg = Release|Any CPU
		{E1D688E2-535B-4023-958D-3FA2646EA3C1}.Release|x86.Build.0 = Release|Any CPU
	EndGlobalSection
	GlobalSection(NestedProjects) = preSolution
		{6F1E9E8B-D3D0-437C-AD20-5CE06D9FB5BD} = {BBEC53DE-8D70-4634-B5DE-74AB4089047E}
		{19EBB1D8-0079-432F-88AF-97004FE618CB} = {6F1E9E8B-D3D0-437C-AD20-5CE06D9FB5BD}
		{0F82E1F5-2AC9-41A0-BD84-2781133354DF} = {BBEC53DE-8D70-4634-B5DE-74AB4089047E}
		{AD5886C5-0D36-4ACA-AA1C-531CA183121E} = {0F82E1F5-2AC9-41A0-BD84-2781133354DF}
		{8E2067B5-8388-4EA8-8402-6B09EA69062D} = {4AD2ECDF-46E9-480F-B26E-4CFAF49BE40A}
		{E1D688E2-535B-4023-958D-3FA2646EA3C1} = {8E2067B5-8388-4EA8-8402-6B09EA69062D}
	EndGlobalSection
EndGlobal
